
Microsoft Visual Studio Solution File, Format Version 12.00
# Visual Studio Version 17
VisualStudioVersion = 17.2.32616.157
MinimumVisualStudioVersion = 10.0.40219.1
Project("{FAE04EC0-301F-11D3-BF4B-00C04F79EFBC}") = "01_MainSubjects", "01_MainSubjects\01_MainSubjects.csproj", "{45CAB380-8B0C-4821-81B3-D98741B2400A}"
EndProject
Project("{FAE04EC0-301F-11D3-BF4B-00C04F79EFBC}") = "02_Variables", "02_Variables\02_Variables.csproj", "{8167120E-F59C-41C6-BA63-01615860ED91}"
EndProject
Project("{FAE04EC0-301F-11D3-BF4B-00C04F79EFBC}") = "03_MakingDecision", "03_MakingDecision\03_MakingDecision.csproj", "{96A4C5E4-A807-4EA8-85D5-D333E4F04490}"
EndProject
Global
	GlobalSection(SolutionConfigurationPlatforms) = preSolution
		Debug|Any CPU = Debug|Any CPU
		Release|Any CPU = Release|Any CPU
	EndGlobalSection
	GlobalSection(ProjectConfigurationPlatforms) = postSolution
		{45CAB380-8B0C-4821-81B3-D98741B2400A}.Debug|Any CPU.ActiveCfg = Debug|Any CPU
		{45CAB380-8B0C-4821-81B3-D98741B2400A}.Debug|Any CPU.Build.0 = Debug|Any CPU
		{45CAB380-8B0C-4821-81B3-D98741B2400A}.Release|Any CPU.ActiveCfg = Release|Any CPU
		{45CAB380-8B0C-4821-81B3-D98741B2400A}.Release|Any CPU.Build.0 = Release|Any CPU
		{8167120E-F59C-41C6-BA63-01615860ED91}.Debug|Any CPU.ActiveCfg = Debug|Any CPU
		{8167120E-F59C-41C6-BA63-01615860ED91}.Debug|Any CPU.Build.0 = Debug|Any CPU
		{8167120E-F59C-41C6-BA63-01615860ED91}.Release|Any CPU.ActiveCfg = Release|Any CPU
		{8167120E-F59C-41C6-BA63-01615860ED91}.Release|Any CPU.Build.0 = Release|Any CPU
		{96A4C5E4-A807-4EA8-85D5-D333E4F04490}.Debug|Any CPU.ActiveCfg = Debug|Any CPU
		{96A4C5E4-A807-4EA8-85D5-D333E4F04490}.Debug|Any CPU.Build.0 = Debug|Any CPU
		{96A4C5E4-A807-4EA8-85D5-D333E4F04490}.Release|Any CPU.ActiveCfg = Release|Any CPU
		{96A4C5E4-A807-4EA8-85D5-D333E4F04490}.Release|Any CPU.Build.0 = Release|Any CPU
	EndGlobalSection
	GlobalSection(SolutionProperties) = preSolution
		HideSolutionNode = FALSE
	EndGlobalSection
	GlobalSection(ExtensibilityGlobals) = postSolution
		SolutionGuid = {54EC7B37-12FD-4F2F-8520-B6179EEE24B2}
	EndGlobalSection
EndGlobal
